
Microsoft Visual Studio Solution File, Format Version 12.00
# Visual Studio 15
VisualStudioVersion = 15.0.26124.0
MinimumVisualStudioVersion = 15.0.26124.0
Project("{FAE04EC0-301F-11D3-BF4B-00C04F79EFBC}") = "03-ByteBank", "03-ByteBank\03-ByteBank.csproj", "{43079D0D-978E-4F20-B919-4B2A82AF65FF}"
EndProject
Project("{FAE04EC0-301F-11D3-BF4B-00C04F79EFBC}") = "04-ByteBank", "04-ByteBank\04-ByteBank.csproj", "{D068B9D6-3826-40EC-AA79-BE51FB8BE7E0}"
EndProject
Project("{FAE04EC0-301F-11D3-BF4B-00C04F79EFBC}") = "05-ByteBank", "05-ByteBank\05-ByteBank.csproj", "{28C1266B-2754-42A0-B3B8-B31E2B5F9D2B}"
EndProject
Global
	GlobalSection(SolutionConfigurationPlatforms) = preSolution
		Debug|Any CPU = Debug|Any CPU
		Debug|x64 = Debug|x64
		Debug|x86 = Debug|x86
		Release|Any CPU = Release|Any CPU
		Release|x64 = Release|x64
		Release|x86 = Release|x86
	EndGlobalSection
	GlobalSection(SolutionProperties) = preSolution
		HideSolutionNode = FALSE
	EndGlobalSection
	GlobalSection(ProjectConfigurationPlatforms) = postSolution
		{43079D0D-978E-4F20-B919-4B2A82AF65FF}.Debug|Any CPU.ActiveCfg = Debug|Any CPU
		{43079D0D-978E-4F20-B919-4B2A82AF65FF}.Debug|Any CPU.Build.0 = Debug|Any CPU
		{43079D0D-978E-4F20-B919-4B2A82AF65FF}.Debug|x64.ActiveCfg = Debug|Any CPU
		{43079D0D-978E-4F20-B919-4B2A82AF65FF}.Debug|x64.Build.0 = Debug|Any CPU
		{43079D0D-978E-4F20-B919-4B2A82AF65FF}.Debug|x86.ActiveCfg = Debug|Any CPU
		{43079D0D-978E-4F20-B919-4B2A82AF65FF}.Debug|x86.Build.0 = Debug|Any CPU
		{43079D0D-978E-4F20-B919-4B2A82AF65FF}.Release|Any CPU.ActiveCfg = Release|Any CPU
		{43079D0D-978E-4F20-B919-4B2A82AF65FF}.Release|Any CPU.Build.0 = Release|Any CPU
		{43079D0D-978E-4F20-B919-4B2A82AF65FF}.Release|x64.ActiveCfg = Release|Any CPU
		{43079D0D-978E-4F20-B919-4B2A82AF65FF}.Release|x64.Build.0 = Release|Any CPU
		{43079D0D-978E-4F20-B919-4B2A82AF65FF}.Release|x86.ActiveCfg = Release|Any CPU
		{43079D0D-978E-4F20-B919-4B2A82AF65FF}.Release|x86.Build.0 = Release|Any CPU
		{D068B9D6-3826-40EC-AA79-BE51FB8BE7E0}.Debug|Any CPU.ActiveCfg = Debug|Any CPU
		{D068B9D6-3826-40EC-AA79-BE51FB8BE7E0}.Debug|Any CPU.Build.0 = Debug|Any CPU
		{D068B9D6-3826-40EC-AA79-BE51FB8BE7E0}.Debug|x64.ActiveCfg = Debug|Any CPU
		{D068B9D6-3826-40EC-AA79-BE51FB8BE7E0}.Debug|x64.Build.0 = Debug|Any CPU
		{D068B9D6-3826-40EC-AA79-BE51FB8BE7E0}.Debug|x86.ActiveCfg = Debug|Any CPU
		{D068B9D6-3826-40EC-AA79-BE51FB8BE7E0}.Debug|x86.Build.0 = Debug|Any CPU
		{D068B9D6-3826-40EC-AA79-BE51FB8BE7E0}.Release|Any CPU.ActiveCfg = Release|Any CPU
		{D068B9D6-3826-40EC-AA79-BE51FB8BE7E0}.Release|Any CPU.Build.0 = Release|Any CPU
		{D068B9D6-3826-40EC-AA79-BE51FB8BE7E0}.Release|x64.ActiveCfg = Release|Any CPU
		{D068B9D6-3826-40EC-AA79-BE51FB8BE7E0}.Release|x64.Build.0 = Release|Any CPU
		{D068B9D6-3826-40EC-AA79-BE51FB8BE7E0}.Release|x86.ActiveCfg = Release|Any CPU
		{D068B9D6-3826-40EC-AA79-BE51FB8BE7E0}.Release|x86.Build.0 = Release|Any CPU
		{28C1266B-2754-42A0-B3B8-B31E2B5F9D2B}.Debug|Any CPU.ActiveCfg = Debug|Any CPU
		{28C1266B-2754-42A0-B3B8-B31E2B5F9D2B}.Debug|Any CPU.Build.0 = Debug|Any CPU
		{28C1266B-2754-42A0-B3B8-B31E2B5F9D2B}.Debug|x64.ActiveCfg = Debug|Any CPU
		{28C1266B-2754-42A0-B3B8-B31E2B5F9D2B}.Debug|x64.Build.0 = Debug|Any CPU
		{28C1266B-2754-42A0-B3B8-B31E2B5F9D2B}.Debug|x86.ActiveCfg = Debug|Any CPU
		{28C1266B-2754-42A0-B3B8-B31E2B5F9D2B}.Debug|x86.Build.0 = Debug|Any CPU
		{28C1266B-2754-42A0-B3B8-B31E2B5F9D2B}.Release|Any CPU.ActiveCfg = Release|Any CPU
		{28C1266B-2754-42A0-B3B8-B31E2B5F9D2B}.Release|Any CPU.Build.0 = Release|Any CPU
		{28C1266B-2754-42A0-B3B8-B31E2B5F9D2B}.Release|x64.ActiveCfg = Release|Any CPU
		{28C1266B-2754-42A0-B3B8-B31E2B5F9D2B}.Release|x64.Build.0 = Release|Any CPU
		{28C1266B-2754-42A0-B3B8-B31E2B5F9D2B}.Release|x86.ActiveCfg = Release|Any CPU
		{28C1266B-2754-42A0-B3B8-B31E2B5F9D2B}.Release|x86.Build.0 = Release|Any CPU
	EndGlobalSection
EndGlobal
